{
  "name": "eval-ndn-dv",
  "lockfileVersion": 3,
  "requires": true,
  "packages": {
    "": {
      "dependencies": {
        "@ndn/endpoint": "https://ndnts-nightly.ndn.today/endpoint.tgz",
        "@ndn/fw": "https://ndnts-nightly.ndn.today/fw.tgz",
        "@ndn/nfdmgmt": "https://ndnts-nightly.ndn.today/nfdmgmt.tgz",
        "@ndn/node-transport": "https://ndnts-nightly.ndn.today/node-transport.tgz",
        "@ndn/packet": "https://ndnts-nightly.ndn.today/packet.tgz",
        "@ndn/tlv": "https://ndnts-nightly.ndn.today/tlv.tgz",
        "@ndn/util": "https://ndnts-nightly.ndn.today/util.tgz",
        "deep-equal": "^2.2.3"
      },
      "devDependencies": {
        "@types/deep-equal": "^1.0.4",
        "@types/node": "^20.12.12",
        "typescript": "^5.4.5"
      }
    },
    "node_modules/@ndn/endpoint": {
      "version": "0.0.20250307-nightly-04aa961",
      "resolved": "https://ndnts-nightly.ndn.today/endpoint.tgz",
      "integrity": "sha512-fLHdQ/p2tRq7g4y886qzwQZsNdnQopTazxDL59CudRG4LtMsfuq5JZbWjNMjxviutK3W8IjiUeeRBOaHdBHTgA==",
      "license": "ISC",
      "dependencies": {
        "@ndn/fw": "https://ndnts-nightly.ndn.today/fw.tgz",
        "@ndn/packet": "https://ndnts-nightly.ndn.today/packet.tgz",
        "@ndn/util": "https://ndnts-nightly.ndn.today/util.tgz",
        "streaming-iterables": "^8.0.1",
        "tslib": "^2.8.1"
      }
    },
    "node_modules/@ndn/fw": {
      "version": "0.0.20250307-nightly-04aa961",
      "resolved": "https://ndnts-nightly.ndn.today/fw.tgz",
      "integrity": "sha512-Yd2DcnsZrqHPMfZotmEk2kmlF/OluXt60bYi8XoNE7b1wgopT9Czg1SX+he4HzVwHBM+OsZvUA68IAbaUKTx0w==",
      "license": "ISC",
      "dependencies": {
        "@ndn/packet": "https://ndnts-nightly.ndn.today/packet.tgz",
        "@ndn/util": "https://ndnts-nightly.ndn.today/util.tgz",
        "@types/retry": "^0.12.5",
        "obliterator": "^2.0.5",
        "retry": "^0.13.1",
        "streaming-iterables": "^8.0.1",
        "tslib": "^2.8.1",
        "typescript-event-target": "^1.1.1"
      }
    },
    "node_modules/@ndn/keychain": {
      "version": "0.0.20250307-nightly-04aa961",
      "resolved": "https://ndnts-nightly.ndn.today/keychain.tgz",
      "integrity": "sha512-P73FbpC7Ayn4WIL0x5GW/u0VYhIZqayYcn3/Nxa/WFZSifAUbIxKUqvyHijOW6/gg3JASYCCrzK5eql419FKDA==",
      "license": "ISC",
      "dependencies": {
        "@ndn/naming-convention2": "https://ndnts-nightly.ndn.today/naming-convention2.tgz",
        "@ndn/packet": "https://ndnts-nightly.ndn.today/packet.tgz",
        "@ndn/tlv": "https://ndnts-nightly.ndn.today/tlv.tgz",
        "@ndn/util": "https://ndnts-nightly.ndn.today/util.tgz",
        "@yoursunny/asn1": "0.0.20200718",
        "@yoursunny/webcrypto-ed25519": "0.0.20250208",
        "idb-keyval": "^6.2.1",
        "tslib": "^2.8.1",
        "type-fest": "^4.37.0",
        "wait-your-turn": "^1.0.1"
      }
    },
    "node_modules/@ndn/l3face": {
      "version": "0.0.20250307-nightly-04aa961",
      "resolved": "https://ndnts-nightly.ndn.today/l3face.tgz",
      "integrity": "sha512-jFxlrVS7TFZa+lj8N2H9GN5bU7R1lYi8Q3mQL+ClAaz1XSkYvmW8ynP1eNNkOFx6yUrTNuNRb60Q190b+1+Dhw==",
      "license": "ISC",
      "dependencies": {
        "@ndn/fw": "https://ndnts-nightly.ndn.today/fw.tgz",
        "@ndn/lp": "https://ndnts-nightly.ndn.today/lp.tgz",
        "@ndn/packet": "https://ndnts-nightly.ndn.today/packet.tgz",
        "@ndn/tlv": "https://ndnts-nightly.ndn.today/tlv.tgz",
        "@ndn/util": "https://ndnts-nightly.ndn.today/util.tgz",
        "abortable-iterator": "^5.1.0",
        "p-event": "^6.0.1",
        "retry": "^0.13.1",
        "streaming-iterables": "^8.0.1",
        "tslib": "^2.8.1",
        "type-fest": "^4.37.0",
        "typescript-event-target": "^1.1.1"
      }
    },
    "node_modules/@ndn/l3face/node_modules/@ndn/lp": {
      "version": "0.0.20250307-nightly-04aa961",
      "resolved": "https://ndnts-nightly.ndn.today/lp.tgz",
      "integrity": "sha512-5x2zpIjqwQnsw+BuBkpGBPULpDpIGreyBzvZuR1wiR8467on4RvqqgkwudDfDIkngj6L89fRmT5Cy+AOa2hjGw==",
      "license": "ISC",
      "dependencies": {
        "@ndn/packet": "https://ndnts-nightly.ndn.today/packet.tgz",
        "@ndn/tlv": "https://ndnts-nightly.ndn.today/tlv.tgz",
        "@ndn/util": "https://ndnts-nightly.ndn.today/util.tgz",
        "it-keepalive": "^1.2.0",
        "tslib": "^2.8.1"
      }
    },
    "node_modules/@ndn/naming-convention2": {
      "version": "0.0.20250307-nightly-04aa961",
      "resolved": "https://ndnts-nightly.ndn.today/naming-convention2.tgz",
      "integrity": "sha512-yJ9+InGd26qi57iQ74rD0mzXsP9JuZ6JjIMOJ2gA/kOWgTdr1rWjnPl91RaCuMGkPIIusz4swwxCiaDXaINHmw==",
      "license": "ISC",
      "dependencies": {
        "@ndn/packet": "https://ndnts-nightly.ndn.today/packet.tgz",
        "@ndn/tlv": "https://ndnts-nightly.ndn.today/tlv.tgz",
        "@ndn/util": "https://ndnts-nightly.ndn.today/util.tgz",
        "tslib": "^2.8.1"
      }
    },
    "node_modules/@ndn/nfdmgmt": {
      "version": "0.0.20250307-nightly-04aa961",
      "resolved": "https://ndnts-nightly.ndn.today/nfdmgmt.tgz",
      "integrity": "sha512-xr7lHaTt0T2LZBJw8vqJCYA33O2sCGg7EOuyOyM2o47JJCw1oVEiaJL9fZz2cCavVxWlcQVWlSnXO1GkZQgl8Q==",
      "license": "ISC",
      "dependencies": {
        "@ndn/endpoint": "https://ndnts-nightly.ndn.today/endpoint.tgz",
        "@ndn/fw": "https://ndnts-nightly.ndn.today/fw.tgz",
        "@ndn/keychain": "https://ndnts-nightly.ndn.today/keychain.tgz",
        "@ndn/naming-convention2": "https://ndnts-nightly.ndn.today/naming-convention2.tgz",
        "@ndn/packet": "https://ndnts-nightly.ndn.today/packet.tgz",
        "@ndn/segmented-object": "https://ndnts-nightly.ndn.today/segmented-object.tgz",
        "@ndn/tlv": "https://ndnts-nightly.ndn.today/tlv.tgz",
        "@ndn/util": "https://ndnts-nightly.ndn.today/util.tgz",
        "obliterator": "^2.0.5",
        "tslib": "^2.8.1"
      }
    },
    "node_modules/@ndn/node-transport": {
      "version": "0.0.20250307-nightly-04aa961",
      "resolved": "https://ndnts-nightly.ndn.today/node-transport.tgz",
      "integrity": "sha512-M9JMqe9Q2JreFTlmr8mKPYbGhYw5TL8RQkWJNDX3skvNBIPLmR7CnQ3bKbkVWVXVoAHUq9zhiigsdN4rS1QRCw==",
      "license": "ISC",
      "dependencies": {
        "@ndn/l3face": "https://ndnts-nightly.ndn.today/l3face.tgz",
        "event-iterator": "^2.0.0",
        "p-event": "^6.0.1",
        "tslib": "^2.8.1",
        "type-fest": "^4.37.0",
        "url-format-lax": "^2.0.0",
        "url-parse-lax": "^5.0.0"
      }
    },
    "node_modules/@ndn/packet": {
      "version": "0.0.20250307-nightly-04aa961",
      "resolved": "https://ndnts-nightly.ndn.today/packet.tgz",
      "integrity": "sha512-Pfw84ExYmlB0bLWAOsQtCnGtTW0skxBYzHmYfBrtw7cH/aMauEtyWmrkXkw29KbKvW2RvrcYKa5vN7Py3E2EPA==",
      "license": "ISC",
      "dependencies": {
        "@ndn/tlv": "https://ndnts-nightly.ndn.today/tlv.tgz",
        "@ndn/util": "https://ndnts-nightly.ndn.today/util.tgz",
        "buffer-compare": "^1.1.1",
        "tslib": "^2.8.1",
        "type-fest": "^4.37.0"
      }
    },
    "node_modules/@ndn/segmented-object": {
      "version": "0.0.20250307-nightly-04aa961",
      "resolved": "https://ndnts-nightly.ndn.today/segmented-object.tgz",
      "integrity": "sha512-0/bEcEUZApmk8ppo4g9vrgTEmMWX9rKxtjK7XxtrMrQvS3CpTwtz946sPPlWWM+YOjQr8x3wcCg1XoyyCp4UYQ==",
      "license": "ISC",
      "dependencies": {
        "@ndn/endpoint": "https://ndnts-nightly.ndn.today/endpoint.tgz",
        "@ndn/fw": "https://ndnts-nightly.ndn.today/fw.tgz",
        "@ndn/naming-convention2": "https://ndnts-nightly.ndn.today/naming-convention2.tgz",
        "@ndn/packet": "https://ndnts-nightly.ndn.today/packet.tgz",
        "@ndn/util": "https://ndnts-nightly.ndn.today/util.tgz",
        "@zenfs/core": "~1.11.4",
        "it-keepalive": "^1.2.0",
        "obliterator": "^2.0.5",
        "p-lazy": "^5.0.0",
        "streaming-iterables": "^8.0.1",
        "tslib": "^2.8.1",
        "typescript-event-target": "^1.1.1"
      }
    },
    "node_modules/@ndn/tlv": {
      "version": "0.0.20250307-nightly-04aa961",
      "resolved": "https://ndnts-nightly.ndn.today/tlv.tgz",
      "integrity": "sha512-I3aK88HTU44qR0wdq+ljvyc9Xot5ZQXG26VX3p6SjxZaiUsOPQZKYG3lehyZ3yyZgKEzJWBtFVZGy8cqGLHphA==",
      "license": "ISC",
      "dependencies": {
        "@ndn/util": "https://ndnts-nightly.ndn.today/util.tgz",
        "tslib": "^2.8.1",
        "type-fest": "^4.37.0"
      }
    },
    "node_modules/@ndn/util": {
      "version": "0.0.20250307-nightly-04aa961",
      "resolved": "https://ndnts-nightly.ndn.today/util.tgz",
      "integrity": "sha512-FSNr/DEUwEgQUNCCQLts5wyWRLjEuOp6qzPCuuErsUj5XzBSsmJ8C7z345KQsOcrzGIbZrRVsG+Iu47PTghvaA==",
      "license": "ISC",
      "dependencies": {
        "@shigen/polyfill-symbol-dispose": "^1.0.1",
        "event-iterator": "^2.0.0",
        "streaming-iterables": "^8.0.1",
        "tiny-invariant": "^1.3.3",
        "tslib": "^2.8.1",
        "type-fest": "^4.37.0",
        "wait-your-turn": "^1.0.1"
      },
      "engines": {
        "node": "^22.11.0 || ^23.6.0"
      }
    },
    "node_modules/@noble/ed25519": {
      "version": "2.2.3",
      "resolved": "https://registry.npmjs.org/@noble/ed25519/-/ed25519-2.2.3.tgz",
      "integrity": "sha512-iHV8eI2mRcUmOx159QNrU8vTpQ/Xm70yJ2cTk3Trc86++02usfqFoNl6x0p3JN81ZDS/1gx6xiK0OwrgqCT43g==",
      "license": "MIT",
      "funding": {
        "url": "https://paulmillr.com/funding/"
      }
    },
    "node_modules/@root/encoding": {
      "version": "1.0.1",
      "license": "MPL-2.0"
    },
    "node_modules/@shigen/polyfill-symbol-dispose": {
      "version": "1.0.1",
      "resolved": "https://registry.npmjs.org/@shigen/polyfill-symbol-dispose/-/polyfill-symbol-dispose-1.0.1.tgz",
      "integrity": "sha512-g8OSf0SiNNRojr+2PJT8j1yj+TPt7mDCYbjYWQMVOeFWcrDC9NEM87tElI/e6REpykSsKckoup8v0tcquQ6K5w==",
      "license": "ISC"
    },
    "node_modules/@types/deep-equal": {
      "version": "1.0.4",
      "dev": true,
      "license": "MIT"
    },
    "node_modules/@types/node": {
      "version": "20.12.12",
      "dev": true,
      "license": "MIT",
      "dependencies": {
        "undici-types": "~5.26.4"
      }
    },
    "node_modules/@types/retry": {
      "version": "0.12.5",
      "resolved": "https://registry.npmjs.org/@types/retry/-/retry-0.12.5.tgz",
      "integrity": "sha512-3xSjTp3v03X/lSQLkczaN9UIEwJMoMCA1+Nb5HfbJEQWogdeQIyVtTvxPXDQjZ5zws8rFQfVfRdz03ARihPJgw==",
      "license": "MIT"
    },
    "node_modules/@types/root__asn1": {
      "version": "1.0.5",
      "license": "MIT"
    },
    "node_modules/@xterm/xterm": {
      "version": "5.5.0",
      "resolved": "https://registry.npmjs.org/@xterm/xterm/-/xterm-5.5.0.tgz",
      "integrity": "sha512-hqJHYaQb5OptNunnyAnkHyM8aCjZ1MEIDTQu1iIbbTD/xops91NB5yq1ZK/dC2JDbVWtF23zUtl9JE2NqwT87A==",
      "license": "MIT",
      "optional": true
    },
    "node_modules/@yoursunny/asn1": {
      "version": "0.0.20200718",
      "license": "MPL-2.0",
      "dependencies": {
        "@root/encoding": "^1.0.1",
        "@types/root__asn1": "^1.0.0"
      }
    },
    "node_modules/@yoursunny/webcrypto-ed25519": {
      "version": "0.0.20250208",
      "resolved": "https://registry.npmjs.org/@yoursunny/webcrypto-ed25519/-/webcrypto-ed25519-0.0.20250208.tgz",
      "integrity": "sha512-ixNNm4l62c8LUpvaDXHt6rnDJRUCLaA3GSeeuSPyTE0QEftcHaTeMv0Y/ZsIVz7khJ7STEBipuGTQm4+2XWymA==",
      "license": "MIT",
      "dependencies": {
        "@noble/ed25519": "^2.2.3",
        "@yoursunny/asn1": "0.0.20200718",
        "b64u-lite": "^1.1.0"
      },
      "engines": {
        "node": ">=18.4.0"
      }
    },
    "node_modules/@zenfs/core": {
      "version": "1.11.4",
      "resolved": "https://registry.npmjs.org/@zenfs/core/-/core-1.11.4.tgz",
      "integrity": "sha512-jFihhedKitw1X9rlImtaca4KTs1Xk9awo4GxUemqt2ucE1jLi10lyRfFFbiYXZsFDkuCWGHwEQwv7BeDIEXMbQ==",
      "license": "MIT",
      "dependencies": {
        "@types/node": "^22.10.1",
        "buffer": "^6.0.3",
        "eventemitter3": "^5.0.1",
        "readable-stream": "^4.5.2",
        "utilium": "^1.3.3"
      },
      "bin": {
        "make-index": "scripts/make-index.js",
        "zci": "scripts/ci-cli.js",
        "zenfs-test": "scripts/test.js"
      },
      "engines": {
        "node": ">= 18"
      },
      "funding": {
        "type": "individual",
        "url": "https://github.com/sponsors/james-pre"
      }
    },
    "node_modules/@zenfs/core/node_modules/@types/node": {
      "version": "22.13.9",
      "resolved": "https://registry.npmjs.org/@types/node/-/node-22.13.9.tgz",
      "integrity": "sha512-acBjXdRJ3A6Pb3tqnw9HZmyR3Fiol3aGxRCK1x3d+6CDAMjl7I649wpSd+yNURCjbOUGu9tqtLKnTGxmK6CyGw==",
      "license": "MIT",
      "dependencies": {
        "undici-types": "~6.20.0"
      }
    },
    "node_modules/@zenfs/core/node_modules/undici-types": {
      "version": "6.20.0",
      "resolved": "https://registry.npmjs.org/undici-types/-/undici-types-6.20.0.tgz",
      "integrity": "sha512-Ny6QZ2Nju20vw1SRHe3d9jVu6gJ+4e3+MMpqu7pqE5HT6WsTSlce++GQmK5UXS8mzV8DSYHrQH+Xrf2jVcuKNg==",
      "license": "MIT"
    },
    "node_modules/abort-controller": {
      "version": "3.0.0",
      "resolved": "https://registry.npmjs.org/abort-controller/-/abort-controller-3.0.0.tgz",
      "integrity": "sha512-h8lQ8tacZYnR3vNQTgibj+tODHI5/+l06Au2Pcriv/Gmet0eaj4TwWH41sO9wnHDiQsEj19q0drzdWdeAHtweg==",
      "license": "MIT",
      "dependencies": {
        "event-target-shim": "^5.0.0"
      },
      "engines": {
        "node": ">=6.5"
      }
    },
    "node_modules/abortable-iterator": {
      "version": "5.1.0",
      "resolved": "https://registry.npmjs.org/abortable-iterator/-/abortable-iterator-5.1.0.tgz",
      "integrity": "sha512-a3nRG0GOGw3IPFA2hdhrZU+QuD3mA6i+5f4YM/Obe+D5lYccxScI32rAIHAW5ttFV7+beiof09gHav4qUEZDwg==",
      "license": "Apache-2.0 OR MIT",
      "dependencies": {
        "get-iterator": "^2.0.0",
        "it-stream-types": "^2.0.1"
      }
    },
    "node_modules/array-buffer-byte-length": {
      "version": "1.0.1",
      "license": "MIT",
      "dependencies": {
        "call-bind": "^1.0.5",
        "is-array-buffer": "^3.0.4"
      },
      "engines": {
        "node": ">= 0.4"
      },
      "funding": {
        "url": "https://github.com/sponsors/ljharb"
      }
    },
    "node_modules/available-typed-arrays": {
      "version": "1.0.7",
      "license": "MIT",
      "dependencies": {
        "possible-typed-array-names": "^1.0.0"
      },
      "engines": {
        "node": ">= 0.4"
      },
      "funding": {
        "url": "https://github.com/sponsors/ljharb"
      }
    },
    "node_modules/b64-lite": {
      "version": "1.4.0",
      "license": "MIT",
      "dependencies": {
        "base-64": "^0.1.0"
      }
    },
    "node_modules/b64u-lite": {
      "version": "1.1.0",
      "license": "MIT",
      "dependencies": {
        "b64-lite": "^1.4.0"
      }
    },
    "node_modules/base-64": {
      "version": "0.1.0"
    },
    "node_modules/base64-js": {
      "version": "1.5.1",
      "resolved": "https://registry.npmjs.org/base64-js/-/base64-js-1.5.1.tgz",
      "integrity": "sha512-AKpaYlHn8t4SVbOHCy+b5+KKgvR4vrsD8vbvrbiQJps7fKDTkjkDry6ji0rUJjC0kzbNePLwzxq8iypo41qeWA==",
      "funding": [
        {
          "type": "github",
          "url": "https://github.com/sponsors/feross"
        },
        {
          "type": "patreon",
          "url": "https://www.patreon.com/feross"
        },
        {
          "type": "consulting",
          "url": "https://feross.org/support"
        }
      ],
      "license": "MIT"
    },
    "node_modules/buffer": {
      "version": "6.0.3",
      "resolved": "https://registry.npmjs.org/buffer/-/buffer-6.0.3.tgz",
      "integrity": "sha512-FTiCpNxtwiZZHEZbcbTIcZjERVICn9yq/pDFkTl95/AxzD1naBctN7YO68riM/gLSDY7sdrMby8hofADYuuqOA==",
      "funding": [
        {
          "type": "github",
          "url": "https://github.com/sponsors/feross"
        },
        {
          "type": "patreon",
          "url": "https://www.patreon.com/feross"
        },
        {
          "type": "consulting",
          "url": "https://feross.org/support"
        }
      ],
      "license": "MIT",
      "dependencies": {
        "base64-js": "^1.3.1",
        "ieee754": "^1.2.1"
      }
    },
    "node_modules/buffer-compare": {
      "version": "1.1.1"
    },
    "node_modules/call-bind": {
      "version": "1.0.7",
      "license": "MIT",
      "dependencies": {
        "es-define-property": "^1.0.0",
        "es-errors": "^1.3.0",
        "function-bind": "^1.1.2",
        "get-intrinsic": "^1.2.4",
        "set-function-length": "^1.2.1"
      },
      "engines": {
        "node": ">= 0.4"
      },
      "funding": {
        "url": "https://github.com/sponsors/ljharb"
      }
    },
    "node_modules/deep-equal": {
      "version": "2.2.3",
      "license": "MIT",
      "dependencies": {
        "array-buffer-byte-length": "^1.0.0",
        "call-bind": "^1.0.5",
        "es-get-iterator": "^1.1.3",
        "get-intrinsic": "^1.2.2",
        "is-arguments": "^1.1.1",
        "is-array-buffer": "^3.0.2",
        "is-date-object": "^1.0.5",
        "is-regex": "^1.1.4",
        "is-shared-array-buffer": "^1.0.2",
        "isarray": "^2.0.5",
        "object-is": "^1.1.5",
        "object-keys": "^1.1.1",
        "object.assign": "^4.1.4",
        "regexp.prototype.flags": "^1.5.1",
        "side-channel": "^1.0.4",
        "which-boxed-primitive": "^1.0.2",
        "which-collection": "^1.0.1",
        "which-typed-array": "^1.1.13"
      },
      "engines": {
        "node": ">= 0.4"
      },
      "funding": {
        "url": "https://github.com/sponsors/ljharb"
      }
    },
    "node_modules/define-data-property": {
      "version": "1.1.4",
      "license": "MIT",
      "dependencies": {
        "es-define-property": "^1.0.0",
        "es-errors": "^1.3.0",
        "gopd": "^1.0.1"
      },
      "engines": {
        "node": ">= 0.4"
      },
      "funding": {
        "url": "https://github.com/sponsors/ljharb"
      }
    },
    "node_modules/define-properties": {
      "version": "1.2.1",
      "license": "MIT",
      "dependencies": {
        "define-data-property": "^1.0.1",
        "has-property-descriptors": "^1.0.0",
        "object-keys": "^1.1.1"
      },
      "engines": {
        "node": ">= 0.4"
      },
      "funding": {
        "url": "https://github.com/sponsors/ljharb"
      }
    },
    "node_modules/es-define-property": {
      "version": "1.0.0",
      "license": "MIT",
      "dependencies": {
        "get-intrinsic": "^1.2.4"
      },
      "engines": {
        "node": ">= 0.4"
      }
    },
    "node_modules/es-errors": {
      "version": "1.3.0",
      "license": "MIT",
      "engines": {
        "node": ">= 0.4"
      }
    },
    "node_modules/es-get-iterator": {
      "version": "1.1.3",
      "license": "MIT",
      "dependencies": {
        "call-bind": "^1.0.2",
        "get-intrinsic": "^1.1.3",
        "has-symbols": "^1.0.3",
        "is-arguments": "^1.1.1",
        "is-map": "^2.0.2",
        "is-set": "^2.0.2",
        "is-string": "^1.0.7",
        "isarray": "^2.0.5",
        "stop-iteration-iterator": "^1.0.0"
      },
      "funding": {
        "url": "https://github.com/sponsors/ljharb"
      }
    },
    "node_modules/event-iterator": {
      "version": "2.0.0",
      "resolved": "https://registry.npmjs.org/event-iterator/-/event-iterator-2.0.0.tgz",
      "integrity": "sha512-KGft0ldl31BZVV//jj+IAIGCxkvvUkkON+ScH6zfoX+l+omX6001ggyRSpI0Io2Hlro0ThXotswCtfzS8UkIiQ==",
      "license": "MIT"
    },
    "node_modules/event-target-shim": {
      "version": "5.0.1",
      "resolved": "https://registry.npmjs.org/event-target-shim/-/event-target-shim-5.0.1.tgz",
      "integrity": "sha512-i/2XbnSz/uxRCU6+NdVJgKWDTM427+MqYbkQzD321DuCQJUqOuJKIA0IM2+W2xtYHdKOmZ4dR6fExsd4SXL+WQ==",
      "license": "MIT",
      "engines": {
        "node": ">=6"
      }
    },
    "node_modules/eventemitter3": {
      "version": "5.0.1",
      "resolved": "https://registry.npmjs.org/eventemitter3/-/eventemitter3-5.0.1.tgz",
      "integrity": "sha512-GWkBvjiSZK87ELrYOSESUYeVIc9mvLLf/nXalMOS5dYrgZq9o5OVkbZAVM06CVxYsCwH9BDZFPlQTlPA1j4ahA==",
      "license": "MIT"
    },
    "node_modules/events": {
      "version": "3.3.0",
      "resolved": "https://registry.npmjs.org/events/-/events-3.3.0.tgz",
      "integrity": "sha512-mQw+2fkQbALzQ7V0MY0IqdnXNOeTtP4r0lN9z7AAawCXgqea7bDii20AYrIBrFd/Hx0M2Ocz6S111CaFkUcb0Q==",
      "license": "MIT",
      "engines": {
        "node": ">=0.8.x"
      }
    },
    "node_modules/for-each": {
      "version": "0.3.3",
      "license": "MIT",
      "dependencies": {
        "is-callable": "^1.1.3"
      }
    },
    "node_modules/function-bind": {
      "version": "1.1.2",
      "license": "MIT",
      "funding": {
        "url": "https://github.com/sponsors/ljharb"
      }
    },
    "node_modules/functions-have-names": {
      "version": "1.2.3",
      "license": "MIT",
      "funding": {
        "url": "https://github.com/sponsors/ljharb"
      }
    },
    "node_modules/get-intrinsic": {
      "version": "1.2.4",
      "license": "MIT",
      "dependencies": {
        "es-errors": "^1.3.0",
        "function-bind": "^1.1.2",
        "has-proto": "^1.0.1",
        "has-symbols": "^1.0.3",
        "hasown": "^2.0.0"
      },
      "engines": {
        "node": ">= 0.4"
      },
      "funding": {
        "url": "https://github.com/sponsors/ljharb"
      }
    },
    "node_modules/get-iterator": {
      "version": "2.0.1",
      "license": "MIT"
    },
    "node_modules/gopd": {
      "version": "1.0.1",
      "license": "MIT",
      "dependencies": {
        "get-intrinsic": "^1.1.3"
      },
      "funding": {
        "url": "https://github.com/sponsors/ljharb"
      }
    },
    "node_modules/has-bigints": {
      "version": "1.0.2",
      "license": "MIT",
      "funding": {
        "url": "https://github.com/sponsors/ljharb"
      }
    },
    "node_modules/has-property-descriptors": {
      "version": "1.0.2",
      "license": "MIT",
      "dependencies": {
        "es-define-property": "^1.0.0"
      },
      "funding": {
        "url": "https://github.com/sponsors/ljharb"
      }
    },
    "node_modules/has-proto": {
      "version": "1.0.3",
      "license": "MIT",
      "engines": {
        "node": ">= 0.4"
      },
      "funding": {
        "url": "https://github.com/sponsors/ljharb"
      }
    },
    "node_modules/has-symbols": {
      "version": "1.0.3",
      "license": "MIT",
      "engines": {
        "node": ">= 0.4"
      },
      "funding": {
        "url": "https://github.com/sponsors/ljharb"
      }
    },
    "node_modules/has-tostringtag": {
      "version": "1.0.2",
      "license": "MIT",
      "dependencies": {
        "has-symbols": "^1.0.3"
      },
      "engines": {
        "node": ">= 0.4"
      },
      "funding": {
        "url": "https://github.com/sponsors/ljharb"
      }
    },
    "node_modules/hasown": {
      "version": "2.0.2",
      "license": "MIT",
      "dependencies": {
        "function-bind": "^1.1.2"
      },
      "engines": {
        "node": ">= 0.4"
      }
    },
    "node_modules/idb-keyval": {
      "version": "6.2.1",
      "resolved": "https://registry.npmjs.org/idb-keyval/-/idb-keyval-6.2.1.tgz",
      "integrity": "sha512-8Sb3veuYCyrZL+VBt9LJfZjLUPWVvqn8tG28VqYNFCo43KHcKuq+b4EiXGeuaLAQWL2YmyDgMp2aSpH9JHsEQg==",
      "license": "Apache-2.0"
    },
    "node_modules/ieee754": {
      "version": "1.2.1",
      "resolved": "https://registry.npmjs.org/ieee754/-/ieee754-1.2.1.tgz",
      "integrity": "sha512-dcyqhDvX1C46lXZcVqCpK+FtMRQVdIMN6/Df5js2zouUsqG7I6sFxitIC+7KYK29KdXOLHdu9zL4sFnoVQnqaA==",
      "funding": [
        {
          "type": "github",
          "url": "https://github.com/sponsors/feross"
        },
        {
          "type": "patreon",
          "url": "https://www.patreon.com/feross"
        },
        {
          "type": "consulting",
          "url": "https://feross.org/support"
        }
      ],
      "license": "BSD-3-Clause"
    },
    "node_modules/internal-slot": {
      "version": "1.0.7",
      "license": "MIT",
      "dependencies": {
        "es-errors": "^1.3.0",
        "hasown": "^2.0.0",
        "side-channel": "^1.0.4"
      },
      "engines": {
        "node": ">= 0.4"
      }
    },
    "node_modules/is-arguments": {
      "version": "1.1.1",
      "license": "MIT",
      "dependencies": {
        "call-bind": "^1.0.2",
        "has-tostringtag": "^1.0.0"
      },
      "engines": {
        "node": ">= 0.4"
      },
      "funding": {
        "url": "https://github.com/sponsors/ljharb"
      }
    },
    "node_modules/is-array-buffer": {
      "version": "3.0.4",
      "license": "MIT",
      "dependencies": {
        "call-bind": "^1.0.2",
        "get-intrinsic": "^1.2.1"
      },
      "engines": {
        "node": ">= 0.4"
      },
      "funding": {
        "url": "https://github.com/sponsors/ljharb"
      }
    },
    "node_modules/is-bigint": {
      "version": "1.0.4",
      "license": "MIT",
      "dependencies": {
        "has-bigints": "^1.0.1"
      },
      "funding": {
        "url": "https://github.com/sponsors/ljharb"
      }
    },
    "node_modules/is-boolean-object": {
      "version": "1.1.2",
      "license": "MIT",
      "dependencies": {
        "call-bind": "^1.0.2",
        "has-tostringtag": "^1.0.0"
      },
      "engines": {
        "node": ">= 0.4"
      },
      "funding": {
        "url": "https://github.com/sponsors/ljharb"
      }
    },
    "node_modules/is-callable": {
      "version": "1.2.7",
      "license": "MIT",
      "engines": {
        "node": ">= 0.4"
      },
      "funding": {
        "url": "https://github.com/sponsors/ljharb"
      }
    },
    "node_modules/is-date-object": {
      "version": "1.0.5",
      "license": "MIT",
      "dependencies": {
        "has-tostringtag": "^1.0.0"
      },
      "engines": {
        "node": ">= 0.4"
      },
      "funding": {
        "url": "https://github.com/sponsors/ljharb"
      }
    },
    "node_modules/is-map": {
      "version": "2.0.3",
      "license": "MIT",
      "engines": {
        "node": ">= 0.4"
      },
      "funding": {
        "url": "https://github.com/sponsors/ljharb"
      }
    },
    "node_modules/is-number-object": {
      "version": "1.0.7",
      "license": "MIT",
      "dependencies": {
        "has-tostringtag": "^1.0.0"
      },
      "engines": {
        "node": ">= 0.4"
      },
      "funding": {
        "url": "https://github.com/sponsors/ljharb"
      }
    },
    "node_modules/is-regex": {
      "version": "1.1.4",
      "license": "MIT",
      "dependencies": {
        "call-bind": "^1.0.2",
        "has-tostringtag": "^1.0.0"
      },
      "engines": {
        "node": ">= 0.4"
      },
      "funding": {
        "url": "https://github.com/sponsors/ljharb"
      }
    },
    "node_modules/is-set": {
      "version": "2.0.3",
      "license": "MIT",
      "engines": {
        "node": ">= 0.4"
      },
      "funding": {
        "url": "https://github.com/sponsors/ljharb"
      }
    },
    "node_modules/is-shared-array-buffer": {
      "version": "1.0.3",
      "license": "MIT",
      "dependencies": {
        "call-bind": "^1.0.7"
      },
      "engines": {
        "node": ">= 0.4"
      },
      "funding": {
        "url": "https://github.com/sponsors/ljharb"
      }
    },
    "node_modules/is-string": {
      "version": "1.0.7",
      "license": "MIT",
      "dependencies": {
        "has-tostringtag": "^1.0.0"
      },
      "engines": {
        "node": ">= 0.4"
      },
      "funding": {
        "url": "https://github.com/sponsors/ljharb"
      }
    },
    "node_modules/is-symbol": {
      "version": "1.0.4",
      "license": "MIT",
      "dependencies": {
        "has-symbols": "^1.0.2"
      },
      "engines": {
        "node": ">= 0.4"
      },
      "funding": {
        "url": "https://github.com/sponsors/ljharb"
      }
    },
    "node_modules/is-weakmap": {
      "version": "2.0.2",
      "license": "MIT",
      "engines": {
        "node": ">= 0.4"
      },
      "funding": {
        "url": "https://github.com/sponsors/ljharb"
      }
    },
    "node_modules/is-weakset": {
      "version": "2.0.3",
      "license": "MIT",
      "dependencies": {
        "call-bind": "^1.0.7",
        "get-intrinsic": "^1.2.4"
      },
      "engines": {
        "node": ">= 0.4"
      },
      "funding": {
        "url": "https://github.com/sponsors/ljharb"
      }
    },
    "node_modules/isarray": {
      "version": "2.0.5",
      "license": "MIT"
    },
    "node_modules/it-keepalive": {
      "version": "1.2.0",
      "resolved": "https://registry.npmjs.org/it-keepalive/-/it-keepalive-1.2.0.tgz",
      "integrity": "sha512-YdV0VcVIkq0i26MFx9JC9tZcRApeJnOaLSDJEaNqJ55RjJHnUpCjPqeFj6An84lrP/Y9iNyHwHhgDOMF7nNbdw==",
      "license": "MIT",
      "dependencies": {
        "get-iterator": "^1.0.2"
      }
    },
    "node_modules/it-keepalive/node_modules/get-iterator": {
      "version": "1.0.2",
      "resolved": "https://registry.npmjs.org/get-iterator/-/get-iterator-1.0.2.tgz",
      "integrity": "sha512-v+dm9bNVfOYsY1OrhaCrmyOcYoSeVvbt+hHZ0Au+T+p1y+0Uyj9aMaGIeUTT6xdpRbWzDeYKvfOslPhggQMcsg==",
      "license": "MIT"
    },
    "node_modules/it-stream-types": {
      "version": "2.0.1",
      "license": "Apache-2.0 OR MIT",
      "engines": {
        "node": ">=16.0.0",
        "npm": ">=7.0.0"
      }
    },
    "node_modules/object-inspect": {
      "version": "1.13.1",
      "license": "MIT",
      "funding": {
        "url": "https://github.com/sponsors/ljharb"
      }
    },
    "node_modules/object-is": {
      "version": "1.1.6",
      "license": "MIT",
      "dependencies": {
        "call-bind": "^1.0.7",
        "define-properties": "^1.2.1"
      },
      "engines": {
        "node": ">= 0.4"
      },
      "funding": {
        "url": "https://github.com/sponsors/ljharb"
      }
    },
    "node_modules/object-keys": {
      "version": "1.1.1",
      "license": "MIT",
      "engines": {
        "node": ">= 0.4"
      }
    },
    "node_modules/object.assign": {
      "version": "4.1.5",
      "license": "MIT",
      "dependencies": {
        "call-bind": "^1.0.5",
        "define-properties": "^1.2.1",
        "has-symbols": "^1.0.3",
        "object-keys": "^1.1.1"
      },
      "engines": {
        "node": ">= 0.4"
      },
      "funding": {
        "url": "https://github.com/sponsors/ljharb"
      }
    },
    "node_modules/obliterator": {
      "version": "2.0.5",
      "resolved": "https://registry.npmjs.org/obliterator/-/obliterator-2.0.5.tgz",
      "integrity": "sha512-42CPE9AhahZRsMNslczq0ctAEtqk8Eka26QofnqC346BZdHDySk3LWka23LI7ULIw11NmltpiLagIq8gBozxTw==",
      "license": "MIT"
    },
    "node_modules/p-event": {
      "version": "6.0.1",
      "license": "MIT",
      "dependencies": {
        "p-timeout": "^6.1.2"
      },
      "engines": {
        "node": ">=16.17"
      },
      "funding": {
        "url": "https://github.com/sponsors/sindresorhus"
      }
    },
    "node_modules/p-lazy": {
      "version": "5.0.0",
      "resolved": "https://registry.npmjs.org/p-lazy/-/p-lazy-5.0.0.tgz",
      "integrity": "sha512-C4xW5/wLGqswBx1xgu/t7fBaHMDKm7SXycgc0MEQvQ5KwzjT1E4MmE9cg0RXn9d0MTgUGJLUCb2EkLBevXi6eA==",
      "license": "MIT",
      "engines": {
        "node": ">=18"
      },
      "funding": {
        "url": "https://github.com/sponsors/sindresorhus"
      }
    },
    "node_modules/p-timeout": {
      "version": "6.1.2",
      "license": "MIT",
      "engines": {
        "node": ">=14.16"
      },
      "funding": {
        "url": "https://github.com/sponsors/sindresorhus"
      }
    },
    "node_modules/possible-typed-array-names": {
      "version": "1.0.0",
      "license": "MIT",
      "engines": {
        "node": ">= 0.4"
      }
    },
    "node_modules/prepend-http": {
      "version": "4.0.0",
      "license": "MIT",
      "engines": {
        "node": "^12.20.0 || ^14.13.1 || >=16.0.0"
      },
      "funding": {
        "url": "https://github.com/sponsors/sindresorhus"
      }
    },
    "node_modules/process": {
      "version": "0.11.10",
      "resolved": "https://registry.npmjs.org/process/-/process-0.11.10.tgz",
      "integrity": "sha512-cdGef/drWFoydD1JsMzuFf8100nZl+GT+yacc2bEced5f9Rjk4z+WtFUTBu9PhOi9j/jfmBPu0mMEY4wIdAF8A==",
      "license": "MIT",
      "engines": {
        "node": ">= 0.6.0"
      }
    },
    "node_modules/readable-stream": {
      "version": "4.7.0",
      "resolved": "https://registry.npmjs.org/readable-stream/-/readable-stream-4.7.0.tgz",
      "integrity": "sha512-oIGGmcpTLwPga8Bn6/Z75SVaH1z5dUut2ibSyAMVhmUggWpmDn2dapB0n7f8nwaSiRtepAsfJyfXIO5DCVAODg==",
      "license": "MIT",
      "dependencies": {
        "abort-controller": "^3.0.0",
        "buffer": "^6.0.3",
        "events": "^3.3.0",
        "process": "^0.11.10",
        "string_decoder": "^1.3.0"
      },
      "engines": {
        "node": "^12.22.0 || ^14.17.0 || >=16.0.0"
      }
    },
    "node_modules/regexp.prototype.flags": {
      "version": "1.5.2",
      "license": "MIT",
      "dependencies": {
        "call-bind": "^1.0.6",
        "define-properties": "^1.2.1",
        "es-errors": "^1.3.0",
        "set-function-name": "^2.0.1"
      },
      "engines": {
        "node": ">= 0.4"
      },
      "funding": {
        "url": "https://github.com/sponsors/ljharb"
      }
    },
    "node_modules/retry": {
      "version": "0.13.1",
      "resolved": "https://registry.npmjs.org/retry/-/retry-0.13.1.tgz",
      "integrity": "sha512-XQBQ3I8W1Cge0Seh+6gjj03LbmRFWuoszgK9ooCpwYIrhhoO80pfq4cUkU5DkknwfOfFteRwlZ56PYOGYyFWdg==",
      "license": "MIT",
      "engines": {
        "node": ">= 4"
      }
    },
    "node_modules/safe-buffer": {
      "version": "5.2.1",
      "resolved": "https://registry.npmjs.org/safe-buffer/-/safe-buffer-5.2.1.tgz",
      "integrity": "sha512-rp3So07KcdmmKbGvgaNxQSJr7bGVSVk5S9Eq1F+ppbRo70+YeaDxkw5Dd8NPN+GD6bjnYm2VuPuCXmpuYvmCXQ==",
      "funding": [
        {
          "type": "github",
          "url": "https://github.com/sponsors/feross"
        },
        {
          "type": "patreon",
          "url": "https://www.patreon.com/feross"
        },
        {
          "type": "consulting",
          "url": "https://feross.org/support"
        }
      ],
      "license": "MIT"
    },
    "node_modules/set-function-length": {
      "version": "1.2.2",
      "license": "MIT",
      "dependencies": {
        "define-data-property": "^1.1.4",
        "es-errors": "^1.3.0",
        "function-bind": "^1.1.2",
        "get-intrinsic": "^1.2.4",
        "gopd": "^1.0.1",
        "has-property-descriptors": "^1.0.2"
      },
      "engines": {
        "node": ">= 0.4"
      }
    },
    "node_modules/set-function-name": {
      "version": "2.0.2",
      "license": "MIT",
      "dependencies": {
        "define-data-property": "^1.1.4",
        "es-errors": "^1.3.0",
        "functions-have-names": "^1.2.3",
        "has-property-descriptors": "^1.0.2"
      },
      "engines": {
        "node": ">= 0.4"
      }
    },
    "node_modules/side-channel": {
      "version": "1.0.6",
      "license": "MIT",
      "dependencies": {
        "call-bind": "^1.0.7",
        "es-errors": "^1.3.0",
        "get-intrinsic": "^1.2.4",
        "object-inspect": "^1.13.1"
      },
      "engines": {
        "node": ">= 0.4"
      },
      "funding": {
        "url": "https://github.com/sponsors/ljharb"
      }
    },
    "node_modules/stop-iteration-iterator": {
      "version": "1.0.0",
      "license": "MIT",
      "dependencies": {
        "internal-slot": "^1.0.4"
      },
      "engines": {
        "node": ">= 0.4"
      }
    },
    "node_modules/streaming-iterables": {
      "version": "8.0.1",
      "license": "MIT",
      "engines": {
        "node": ">=18"
      }
    },
    "node_modules/string_decoder": {
      "version": "1.3.0",
      "resolved": "https://registry.npmjs.org/string_decoder/-/string_decoder-1.3.0.tgz",
      "integrity": "sha512-hkRX8U1WjJFd8LsDJ2yQ/wWWxaopEsABU1XfkM8A+j0+85JAGppt16cr1Whg6KIbb4okU6Mql6BOj+uup/wKeA==",
      "license": "MIT",
      "dependencies": {
        "safe-buffer": "~5.2.0"
      }
    },
    "node_modules/tiny-invariant": {
      "version": "1.3.3",
      "resolved": "https://registry.npmjs.org/tiny-invariant/-/tiny-invariant-1.3.3.tgz",
      "integrity": "sha512-+FbBPE1o9QAYvviau/qC5SE3caw21q3xkvWKBtja5vgqOWIHHJ3ioaq1VPfn/Szqctz2bU/oYeKd9/z5BL+PVg==",
      "license": "MIT"
    },
    "node_modules/tslib": {
      "version": "2.8.1",
      "resolved": "https://registry.npmjs.org/tslib/-/tslib-2.8.1.tgz",
      "integrity": "sha512-oJFu94HQb+KVduSUQL7wnpmqnfmLsOA/nAh6b6EH0wCEoK0/mPeXU6c3wKDV83MkOuHPRHtSXKKU99IBazS/2w==",
      "license": "0BSD"
    },
    "node_modules/type-fest": {
      "version": "4.37.0",
      "resolved": "https://registry.npmjs.org/type-fest/-/type-fest-4.37.0.tgz",
      "integrity": "sha512-S/5/0kFftkq27FPNye0XM1e2NsnoD/3FS+pBmbjmmtLT6I+i344KoOf7pvXreaFsDamWeaJX55nczA1m5PsBDg==",
      "license": "(MIT OR CC0-1.0)",
      "engines": {
        "node": ">=16"
      },
      "funding": {
        "url": "https://github.com/sponsors/sindresorhus"
      }
    },
    "node_modules/typescript": {
      "version": "5.4.5",
      "dev": true,
      "license": "Apache-2.0",
      "bin": {
        "tsc": "bin/tsc",
        "tsserver": "bin/tsserver"
      },
      "engines": {
        "node": ">=14.17"
      }
    },
    "node_modules/typescript-event-target": {
      "version": "1.1.1",
      "license": "MIT"
    },
    "node_modules/undici-types": {
      "version": "5.26.5",
      "dev": true,
      "license": "MIT"
    },
    "node_modules/url-format-lax": {
      "version": "2.0.0",
      "license": "MIT",
      "engines": {
        "node": ">=12"
      },
      "funding": {
        "url": "https://github.com/sponsors/sindresorhus"
      }
    },
    "node_modules/url-parse-lax": {
      "version": "5.0.0",
      "license": "MIT",
      "dependencies": {
        "prepend-http": "^4.0.0"
      },
      "engines": {
        "node": "^12.20.0 || ^14.13.1 || >=16.0.0"
      },
      "funding": {
        "url": "https://github.com/sponsors/sindresorhus"
      }
    },
    "node_modules/utilium": {
      "version": "1.4.0",
      "resolved": "https://registry.npmjs.org/utilium/-/utilium-1.4.0.tgz",
      "integrity": "sha512-qYuwspJ6x1eiwtOHgd4BBGjofwhNHbmuHjpqnio5l1nfwmPVFMQoKt8PInPIpII5Cb/IgbWYURdwDD29CpDvHw==",
      "license": "MIT",
      "dependencies": {
        "eventemitter3": "^5.0.1"
      },
      "funding": {
        "type": "individual",
        "url": "https://github.com/sponsors/james-pre"
      },
      "optionalDependencies": {
        "@xterm/xterm": "^5.5.0"
      }
    },
    "node_modules/wait-your-turn": {
      "version": "1.0.1",
      "license": "MIT"
    },
    "node_modules/which-boxed-primitive": {
      "version": "1.0.2",
      "license": "MIT",
      "dependencies": {
        "is-bigint": "^1.0.1",
        "is-boolean-object": "^1.1.0",
        "is-number-object": "^1.0.4",
        "is-string": "^1.0.5",
        "is-symbol": "^1.0.3"
      },
      "funding": {
        "url": "https://github.com/sponsors/ljharb"
      }
    },
    "node_modules/which-collection": {
      "version": "1.0.2",
      "license": "MIT",
      "dependencies": {
        "is-map": "^2.0.3",
        "is-set": "^2.0.3",
        "is-weakmap": "^2.0.2",
        "is-weakset": "^2.0.3"
      },
      "engines": {
        "node": ">= 0.4"
      },
      "funding": {
        "url": "https://github.com/sponsors/ljharb"
      }
    },
    "node_modules/which-typed-array": {
      "version": "1.1.15",
      "license": "MIT",
      "dependencies": {
        "available-typed-arrays": "^1.0.7",
        "call-bind": "^1.0.7",
        "for-each": "^0.3.3",
        "gopd": "^1.0.1",
        "has-tostringtag": "^1.0.2"
      },
      "engines": {
        "node": ">= 0.4"
      },
      "funding": {
        "url": "https://github.com/sponsors/ljharb"
      }
    }
  }
}
